
Microsoft Visual Studio Solution File, Format Version 12.00
# Visual Studio Version 16
VisualStudioVersion = 16.0.29519.87
MinimumVisualStudioVersion = 10.0.40219.1
Project("{FAE04EC0-301F-11D3-BF4B-00C04F79EFBC}") = "PokerGame", "PokerGame\PokerGame.csproj", "{736603A3-B55E-4DE9-B02E-772D82934BAE}"
EndProject
Global
	GlobalSection(SolutionConfigurationPlatforms) = preSolution
		Debug|Any CPU = Debug|Any CPU
		Release|Any CPU = Release|Any CPU
	EndGlobalSection
	GlobalSection(ProjectConfigurationPlatforms) = postSolution
		{736603A3-B55E-4DE9-B02E-772D82934BAE}.Debug|Any CPU.ActiveCfg = Debug|Any CPU
		{736603A3-B55E-4DE9-B02E-772D82934BAE}.Debug|Any CPU.Build.0 = Debug|Any CPU
		{736603A3-B55E-4DE9-B02E-772D82934BAE}.Release|Any CPU.ActiveCfg = Release|Any CPU
		{736603A3-B55E-4DE9-B02E-772D82934BAE}.Release|Any CPU.Build.0 = Release|Any CPU
	EndGlobalSection
	GlobalSection(SolutionProperties) = preSolution
		HideSolutionNode = FALSE
	EndGlobalSection
	GlobalSection(ExtensibilityGlobals) = postSolution
		SolutionGuid = {4D3607A4-8F39-40DC-AECE-AB99AFBB4AC8}
	EndGlobalSection
EndGlobal
